
Microsoft Visual Studio Solution File, Format Version 12.00
# Visual Studio Version 16
VisualStudioVersion = 16.0.30907.101
MinimumVisualStudioVersion = 10.0.40219.1
Project("{9A19103F-16F7-4668-BE54-9A1E7A4F7556}") = "StocksPrices", "StocksPrices\StocksPrices.csproj", "{73FA803C-227D-41E3-BECC-2391FC0FA99B}"
EndProject
Global
	GlobalSection(SolutionConfigurationPlatforms) = preSolution
		Debug|Any CPU = Debug|Any CPU
		Release|Any CPU = Release|Any CPU
	EndGlobalSection
	GlobalSection(ProjectConfigurationPlatforms) = postSolution
		{73FA803C-227D-41E3-BECC-2391FC0FA99B}.Debug|Any CPU.ActiveCfg = Debug|Any CPU
		{73FA803C-227D-41E3-BECC-2391FC0FA99B}.Debug|Any CPU.Build.0 = Debug|Any CPU
		{73FA803C-227D-41E3-BECC-2391FC0FA99B}.Release|Any CPU.ActiveCfg = Release|Any CPU
		{73FA803C-227D-41E3-BECC-2391FC0FA99B}.Release|Any CPU.Build.0 = Release|Any CPU
	EndGlobalSection
	GlobalSection(SolutionProperties) = preSolution
		HideSolutionNode = FALSE
	EndGlobalSection
	GlobalSection(ExtensibilityGlobals) = postSolution
		SolutionGuid = {56497481-2323-45A2-BB26-B3EB277830C4}
	EndGlobalSection
EndGlobal
